{
  "name": "Link_Base",
  "lockfileVersion": 3,
  "requires": true,
  "packages": {
    "": {
      "dependencies": {
        "iflow": "^1.0.0-alpha.41"
      }
    },
    "node_modules/iflow": {
      "version": "1.0.0-alpha.41",
      "resolved": "https://registry.npmjs.org/iflow/-/iflow-1.0.0-alpha.41.tgz",
      "integrity": "sha512-u5PjC3rmz2Fp7PpAJD2jY7OYCBuO/m30rr1XVLk8KX2GDsozD4Vi0lHjEHIf2TOyNY07Dn1nHxPMvNha3Ez0dg==",
      "license": "MIT"
    }
  }
}
